version = 1
revision = 3
requires-python = "==3.12.*"

[[package]]
name = "autorigami"
version = "0.1.0"
source = { editable = "." }
dependencies = [
    { name = "numpy" },
    { name = "rtree" },
    { name = "scipy" },
    { name = "trimesh" },
]

[package.dev-dependencies]
dev = [
    { name = "cibuildwheel" },
    { name = "cmake" },
    { name = "ninja" },
    { name = "pybind11" },
    { name = "pyright" },
    { name = "pytest" },
]

[package.metadata]
requires-dist = [
    { name = "numpy", specifier = ">=2.0.0" },
    { name = "rtree", specifier = ">=1.2.0" },
    { name = "scipy", specifier = ">=1.14.0" },
    { name = "trimesh", specifier = ">=4.11.5" },
]

[package.metadata.requires-dev]
dev = [
    { name = "cibuildwheel", specifier = ">=2.23.3" },
    { name = "cmake", specifier = ">=3.30" },
    { name = "ninja", specifier = ">=1.11" },
    { name = "pybind11", specifier = ">=2.13" },
    { name = "pyright", specifier = ">=1.1.408" },
    { name = "pytest", specifier = ">=9.0.3" },
]

[[package]]
name = "bashlex"
version = "0.18"
source = { registry = "https://pypi.org/simple" }
sdist = { url = "https://files.pythonhosted.org/packages/76/60/aae0bb54f9af5e0128ba90eb83d8d0d506ee8f0475c4fdda3deeda20b1d2/bashlex-0.18.tar.gz", hash = "sha256:5bb03a01c6d5676338c36fd1028009c8ad07e7d61d8a1ce3f513b7fff52796ee", size = 68742, upload-time = "2023-01-18T15:21:26.402Z" }
wheels = [
    { url = "https://files.pythonhosted.org/packages/f4/be/6985abb1011fda8a523cfe21ed9629e397d6e06fb5bae99750402b25c95b/bashlex-0.18-py2.py3-none-any.whl", hash = "sha256:91d73a23a3e51711919c1c899083890cdecffc91d8c088942725ac13e9dcfffa", size = 69539, upload-time = "2023-01-18T15:21:24.167Z" },
]

[[package]]
name = "bracex"
version = "2.6"
source = { registry = "https://pypi.org/simple" }
sdist = { url = "https://files.pythonhosted.org/packages/63/9a/fec38644694abfaaeca2798b58e276a8e61de49e2e37494ace423395febc/bracex-2.6.tar.gz", hash = "sha256:98f1347cd77e22ee8d967a30ad4e310b233f7754dbf31ff3fceb76145ba47dc7", size = 26642, upload-time = "2025-06-22T19:12:31.254Z" }
wheels = [
    { url = "https://files.pythonhosted.org/packages/9d/2a/9186535ce58db529927f6cf5990a849aa9e052eea3e2cfefe20b9e1802da/bracex-2.6-py3-none-any.whl", hash = "sha256:0b0049264e7340b3ec782b5cb99beb325f36c3782a32e36e876452fd49a09952", size = 11508, upload-time = "2025-06-22T19:12:29.781Z" },
]

[[package]]
name = "build"
version = "1.4.3"
source = { registry = "https://pypi.org/simple" }
dependencies = [
    { name = "colorama", marker = "os_name == 'nt'" },
    { name = "packaging" },
    { name = "pyproject-hooks" },
]
sdist = { url = "https://files.pythonhosted.org/packages/3f/16/4b272700dea44c1d2e8ca963ebb3c684efe22b3eba8cfa31c5fdb60de707/build-1.4.3.tar.gz", hash = "sha256:5aa4231ae0e807efdf1fd0623e07366eca2ab215921345a2e38acdd5d0fa0a74", size = 89314, upload-time = "2026-04-10T21:25:40.857Z" }
wheels = [
    { url = "https://files.pythonhosted.org/packages/b2/30/f169e1d8b2071beaf8b97088787e30662b1d8fb82f8c0941d14678c0cbf1/build-1.4.3-py3-none-any.whl", hash = "sha256:1bc22b19b383303de8f2c8554c9a32894a58d3f185fe3756b0b20d255bee9a38", size = 26171, upload-time = "2026-04-10T21:25:39.671Z" },
]

[[package]]
name = "certifi"
version = "2026.2.25"
source = { registry = "https://pypi.org/simple" }
sdist = { url = "https://files.pythonhosted.org/packages/af/2d/7bf41579a8986e348fa033a31cdd0e4121114f6bce2457e8876010b092dd/certifi-2026.2.25.tar.gz", hash = "sha256:e887ab5cee78ea814d3472169153c2d12cd43b14bd03329a39a9c6e2e80bfba7", size = 155029, upload-time = "2026-02-25T02:54:17.342Z" }
wheels = [
    { url = "https://files.pythonhosted.org/packages/9a/3c/c17fb3ca2d9c3acff52e30b309f538586f9f5b9c9cf454f3845fc9af4881/certifi-2026.2.25-py3-none-any.whl", hash = "sha256:027692e4402ad994f1c42e52a4997a9763c646b73e4096e4d5d6db8af1d6f0fa", size = 153684, upload-time = "2026-02-25T02:54:15.766Z" },
]

[[package]]
name = "cibuildwheel"
version = "3.4.1"
source = { registry = "https://pypi.org/simple" }
dependencies = [
    { name = "bashlex" },
    { name = "bracex" },
    { name = "build" },
    { name = "certifi" },
    { name = "dependency-groups" },
    { name = "filelock" },
    { name = "humanize" },
    { name = "packaging" },
    { name = "patchelf", marker = "(platform_machine == 'aarch64' and sys_platform == 'darwin') or (platform_machine == 'arm64' and sys_platform == 'darwin') or (platform_machine == 'x86_64' and sys_platform == 'darwin') or (platform_machine == 'aarch64' and sys_platform == 'linux') or (platform_machine == 'arm64' and sys_platform == 'linux') or (platform_machine == 'x86_64' and sys_platform == 'linux')" },
    { name = "platformdirs" },
    { name = "pyelftools" },
    { name = "wheel" },
]
sdist = { url = "https://files.pythonhosted.org/packages/63/b7/39dd5772a7893639e614a33c3e372eb1ca3792a536de5c5aff6d1bddc25b/cibuildwheel-3.4.1.tar.gz", hash = "sha256:c3ba783013e190849bb2d22e49359a911e368daebab8b02e3996320ab9315d34", size = 366686, upload-time = "2026-04-02T13:59:01.22Z" }
wheels = [
    { url = "https://files.pythonhosted.org/packages/f1/c6/b661315f571365d048e0f5ef3cc619f5ee215d17e2f880d35d919434e919/cibuildwheel-3.4.1-py3-none-any.whl", hash = "sha256:d495eb8780473029382976e86363562923401ac575c18bc52e6a9102512853ad", size = 130111, upload-time = "2026-04-02T13:58:59.644Z" },
]

[[package]]
name = "cmake"
version = "4.3.1"
source = { registry = "https://pypi.org/simple" }
sdist = { url = "https://files.pythonhosted.org/packages/40/72/c295e190193af5f41d583517db1ca1cf43eaa2af8140856dca114fa6486d/cmake-4.3.1.tar.gz", hash = "sha256:6fe523413cdd2568a19a6ec297b8f869a95a3f8edaf0dd73731b81412216e00e", size = 36968, upload-time = "2026-03-31T21:02:08.594Z" }
wheels = [
    { url = "https://files.pythonhosted.org/packages/43/07/05be57c389f8f0c3d0d7b878685ec1eed863b77787d65584c9399e294531/cmake-4.3.1-py3-none-macosx_10_10_universal2.whl", hash = "sha256:976337df534f4eea6b100a7af39f9a7a538aa5fd65b7d770cf2a07907439dca8", size = 52555201, upload-time = "2026-03-28T15:28:10.956Z" },
    { url = "https://files.pythonhosted.org/packages/9b/80/09c381519855d53a5cce0e5e10e184f9e89caf6a6f1f7d7b42c17bd68d2e/cmake-4.3.1-py3-none-manylinux2014_aarch64.manylinux_2_17_aarch64.whl", hash = "sha256:bb7b7ef74beb69c099c39d7f151cfc94256bba1b75354e48ea87d6bf0dcb3007", size = 29569639, upload-time = "2026-03-28T15:28:14.368Z" },
    { url = "https://files.pythonhosted.org/packages/d6/0d/eab407c3592442711584d09bef5de17df93f39ea69baaa310c4564436177/cmake-4.3.1-py3-none-manylinux2014_i686.manylinux_2_17_i686.whl", hash = "sha256:8874aac9fbd07d71c506fcaf57255ff2cc015a15ea44146c0d1e694843d5e312", size = 30668021, upload-time = "2026-03-28T15:28:17.284Z" },
    { url = "https://files.pythonhosted.org/packages/ed/de/c7f487b21b33918c0af1dabfdf8d858799e01d62c2bd139fc871b86b21a2/cmake-4.3.1-py3-none-manylinux2014_ppc64le.manylinux_2_17_ppc64le.whl", hash = "sha256:f439501f3f3ecf1dbafbee6226fc6cc680203202ddfe59586357d076c417ae8f", size = 30454909, upload-time = "2026-03-31T21:01:21.595Z" },
    { url = "https://files.pythonhosted.org/packages/c4/9c/2de3a3b5a5983b72c3e2eeaa23a6c8d251ebae79d15cedb9818e708a4caf/cmake-4.3.1-py3-none-manylinux2014_s390x.manylinux_2_17_s390x.whl", hash = "sha256:345f5e4ee783cd7691c6b54a631b43bb0c2efabf45afa64ac9000f9b0885d250", size = 28373243, upload-time = "2026-03-31T21:01:24.896Z" },
    { url = "https://files.pythonhosted.org/packages/87/32/542ed40b3393bced9af073402f75fb6ae3e57d6656cc38a9470942de7b8c/cmake-4.3.1-py3-none-manylinux2014_x86_64.manylinux_2_17_x86_64.whl", hash = "sha256:80fc99c1958dbd926f529448dfcdbb1b176ecf31a8d485a3d68bd469487e8933", size = 29504762, upload-time = "2026-03-31T21:01:28.15Z" },
    { url = "https://files.pythonhosted.org/packages/7f/ec/4f99b7414984d668aaa9c6214df84af689db8756f1536ea81720bb2fef91/cmake-4.3.1-py3-none-manylinux_2_31_armv7l.whl", hash = "sha256:fdb744921ff4739e755faee005b36b97223d2bb8591ebd7b57abb5cf97300925", size = 26620758, upload-time = "2026-03-31T21:01:31.017Z" },
    { url = "https://files.pythonhosted.org/packages/bf/b4/627e18c8acf6219b1c8c521e7d702bca36edab21994992b64e68e1007430/cmake-4.3.1-py3-none-manylinux_2_31_riscv64.whl", hash = "sha256:fdc39eb421177bfa946af3600c797612ee76bfe6daa6036ff8958c504a99937b", size = 26759382, upload-time = "2026-03-31T21:01:33.833Z" },
    { url = "https://files.pythonhosted.org/packages/cc/e1/e3b3dd1c81e72329f1ec3350a02154f74547eab2c1db8270eb2bc344edc1/cmake-4.3.1-py3-none-musllinux_1_2_aarch64.whl", hash = "sha256:8d1d224f9df9e82f154ad31b9798b7b4c0d509a11ccdca695d0ee4d140c30c6d", size = 38584793, upload-time = "2026-03-31T21:01:36.853Z" },
    { url = "https://files.pythonhosted.org/packages/98/3e/7a1ca1992de268fe1284b3738549ea8859f665dec294d584ae9200d66ce6/cmake-4.3.1-py3-none-musllinux_1_2_armv7l.whl", hash = "sha256:056483831febe0934f25959bc74da077b18f23c7a064a0417432447ec27b8fb2", size = 35214335, upload-time = "2026-03-31T21:01:40.857Z" },
    { url = "https://files.pythonhosted.org/packages/16/ce/9b0e79835b674d2680fae7e57d3229abac0765c3d80ddcc6c5c67ec78fd8/cmake-4.3.1-py3-none-musllinux_1_2_i686.whl", hash = "sha256:9567aac26ee7a0594e6b71a8f94e907c7ce957cdeedeca1404504228f2c9885f", size = 41252469, upload-time = "2026-03-31T21:01:44.393Z" },
    { url = "https://files.pythonhosted.org/packages/bf/3a/eb15faf1ce961431017cda585650bd37a259fe53e836eae34263ea3647ab/cmake-4.3.1-py3-none-musllinux_1_2_ppc64le.whl", hash = "sha256:8cadd35606d3e4f9a43173f7236cd8947fb9652fdfb272a916f0600ad169fbf2", size = 40427440, upload-time = "2026-03-31T21:01:47.715Z" },
    { url = "https://files.pythonhosted.org/packages/48/34/b76e2c7aa0c1aa833430a2b4a1caff3f4163b9db7c38d208a4b6e0287d54/cmake-4.3.1-py3-none-musllinux_1_2_riscv64.whl", hash = "sha256:75622c1e7266e60fab9d4f1f4b4dc25f22a4b57e902d9792c39538f46a997269", size = 35482864, upload-time = "2026-03-31T21:01:50.611Z" },
    { url = "https://files.pythonhosted.org/packages/3a/3b/afd7d51aabec951e8881812d9bf1d4c74c1882434e97eb9ed6f097591dd1/cmake-4.3.1-py3-none-musllinux_1_2_s390x.whl", hash = "sha256:e43acaa51bb8fe57a914424edb0efa91eb82d577fb74ecc6ff67da47a1d23524", size = 37712157, upload-time = "2026-03-31T21:01:53.674Z" },
    { url = "https://files.pythonhosted.org/packages/4f/be/6d9c4f0ef5383622c3d7fd508acb531b1cbaee530e7cf4196c415f548131/cmake-4.3.1-py3-none-musllinux_1_2_x86_64.whl", hash = "sha256:e8bc1c42517ed9cb26eb293e720449830940ef7be6dcc101638b9cc65ece98c8", size = 38543688, upload-time = "2026-03-31T21:01:56.785Z" },
    { url = "https://files.pythonhosted.org/packages/3a/49/ca3671c1b6859b5efe5b9f1bebf95cad823d48a3a8f366a72e207a1d7a02/cmake-4.3.1-py3-none-win32.whl", hash = "sha256:cd9058d730da5fa68394c41b26036b18850de494d730a0a85cde51558138b70b", size = 37816372, upload-time = "2026-03-31T21:01:59.873Z" },
    { url = "https://files.pythonhosted.org/packages/2a/2a/a8db7d73a6941e9d4a177011137378b222cd6dcec383f1998f3594c73a0c/cmake-4.3.1-py3-none-win_amd64.whl", hash = "sha256:73fb3851fe760b0395983c5d3dd6da2364b1ce324f8546aee2078d162d96005a", size = 41267090, upload-time = "2026-03-31T21:02:03.04Z" },
    { url = "https://files.pythonhosted.org/packages/9b/be/d62156e55b8a9614f29cd8e576e9bf925ee2b428e43bb0c4f02b5cb97c65/cmake-4.3.1-py3-none-win_arm64.whl", hash = "sha256:86e97fed7c9a61638b08937981fdc9bca9caec9df9c88b87aa0a47442583e02a", size = 39606866, upload-time = "2026-03-31T21:02:05.973Z" },
]

[[package]]
name = "colorama"
version = "0.4.6"
source = { registry = "https://pypi.org/simple" }
sdist = { url = "https://files.pythonhosted.org/packages/d8/53/6f443c9a4a8358a93a6792e2acffb9d9d5cb0a5cfd8802644b7b1c9a02e4/colorama-0.4.6.tar.gz", hash = "sha256:08695f5cb7ed6e0531a20572697297273c47b8cae5a63ffc6d6ed5c201be6e44", size = 27697, upload-time = "2022-10-25T02:36:22.414Z" }
wheels = [
    { url = "https://files.pythonhosted.org/packages/d1/d6/3965ed04c63042e047cb6a3e6ed1a63a35087b6a609aa3a15ed8ac56c221/colorama-0.4.6-py2.py3-none-any.whl", hash = "sha256:4f1d9991f5acc0ca119f9d443620b77f9d6b33703e51011c16baf57afb285fc6", size = 25335, upload-time = "2022-10-25T02:36:20.889Z" },
]

[[package]]
name = "dependency-groups"
version = "1.3.1"
source = { registry = "https://pypi.org/simple" }
dependencies = [
    { name = "packaging" },
]
sdist = { url = "https://files.pythonhosted.org/packages/62/55/f054de99871e7beb81935dea8a10b90cd5ce42122b1c3081d5282fdb3621/dependency_groups-1.3.1.tar.gz", hash = "sha256:78078301090517fd938c19f64a53ce98c32834dfe0dee6b88004a569a6adfefd", size = 10093, upload-time = "2025-05-02T00:34:29.452Z" }
wheels = [
    { url = "https://files.pythonhosted.org/packages/99/c7/d1ec24fb280caa5a79b6b950db565dab30210a66259d17d5bb2b3a9f878d/dependency_groups-1.3.1-py3-none-any.whl", hash = "sha256:51aeaa0dfad72430fcfb7bcdbefbd75f3792e5919563077f30bc0d73f4493030", size = 8664, upload-time = "2025-05-02T00:34:27.085Z" },
]

[[package]]
name = "filelock"
version = "3.28.0"
source = { registry = "https://pypi.org/simple" }
sdist = { url = "https://files.pythonhosted.org/packages/d6/17/6e8890271880903e3538660a21d63a6c1fea969ac71d0d6b608b78727fa9/filelock-3.28.0.tar.gz", hash = "sha256:4ed1010aae813c4ee8d9c660e4792475ee60c4a0ba76073ceaf862bd317e3ca6", size = 56474, upload-time = "2026-04-14T22:54:33.625Z" }
wheels = [
    { url = "https://files.pythonhosted.org/packages/3b/21/2f728888c45033d34a417bfcd248ea2564c9e08ab1bfd301377cf05d5586/filelock-3.28.0-py3-none-any.whl", hash = "sha256:de9af6712788e7171df1b28b15eba2446c69721433fa427a9bee07b17820a9db", size = 39189, upload-time = "2026-04-14T22:54:32.037Z" },
]

[[package]]
name = "humanize"
version = "4.15.0"
source = { registry = "https://pypi.org/simple" }
sdist = { url = "https://files.pythonhosted.org/packages/ba/66/a3921783d54be8a6870ac4ccffcd15c4dc0dd7fcce51c6d63b8c63935276/humanize-4.15.0.tar.gz", hash = "sha256:1dd098483eb1c7ee8e32eb2e99ad1910baefa4b75c3aff3a82f4d78688993b10", size = 83599, upload-time = "2025-12-20T20:16:13.19Z" }
wheels = [
    { url = "https://files.pythonhosted.org/packages/c5/7b/bca5613a0c3b542420cf92bd5e5fb8ebd5435ce1011a091f66bb7693285e/humanize-4.15.0-py3-none-any.whl", hash = "sha256:b1186eb9f5a9749cd9cb8565aee77919dd7c8d076161cf44d70e59e3301e1769", size = 132203, upload-time = "2025-12-20T20:16:11.67Z" },
]

[[package]]
name = "iniconfig"
version = "2.3.0"
source = { registry = "https://pypi.org/simple" }
sdist = { url = "https://files.pythonhosted.org/packages/72/34/14ca021ce8e5dfedc35312d08ba8bf51fdd999c576889fc2c24cb97f4f10/iniconfig-2.3.0.tar.gz", hash = "sha256:c76315c77db068650d49c5b56314774a7804df16fee4402c1f19d6d15d8c4730", size = 20503, upload-time = "2025-10-18T21:55:43.219Z" }
wheels = [
    { url = "https://files.pythonhosted.org/packages/cb/b1/3846dd7f199d53cb17f49cba7e651e9ce294d8497c8c150530ed11865bb8/iniconfig-2.3.0-py3-none-any.whl", hash = "sha256:f631c04d2c48c52b84d0d0549c99ff3859c98df65b3101406327ecc7d53fbf12", size = 7484, upload-time = "2025-10-18T21:55:41.639Z" },
]

[[package]]
name = "ninja"
version = "1.13.0"
source = { registry = "https://pypi.org/simple" }
sdist = { url = "https://files.pythonhosted.org/packages/43/73/79a0b22fc731989c708068427579e840a6cf4e937fe7ae5c5d0b7356ac22/ninja-1.13.0.tar.gz", hash = "sha256:4a40ce995ded54d9dc24f8ea37ff3bf62ad192b547f6c7126e7e25045e76f978", size = 242558, upload-time = "2025-08-11T15:10:19.421Z" }
wheels = [
    { url = "https://files.pythonhosted.org/packages/3c/74/d02409ed2aa865e051b7edda22ad416a39d81a84980f544f8de717cab133/ninja-1.13.0-py3-none-macosx_10_9_universal2.whl", hash = "sha256:fa2a8bfc62e31b08f83127d1613d10821775a0eb334197154c4d6067b7068ff1", size = 310125, upload-time = "2025-08-11T15:09:50.971Z" },
    { url = "https://files.pythonhosted.org/packages/8e/de/6e1cd6b84b412ac1ef327b76f0641aeb5dcc01e9d3f9eee0286d0c34fd93/ninja-1.13.0-py3-none-manylinux2014_aarch64.manylinux_2_17_aarch64.whl", hash = "sha256:3d00c692fb717fd511abeb44b8c5d00340c36938c12d6538ba989fe764e79630", size = 177467, upload-time = "2025-08-11T15:09:52.767Z" },
    { url = "https://files.pythonhosted.org/packages/c8/83/49320fb6e58ae3c079381e333575fdbcf1cca3506ee160a2dcce775046fa/ninja-1.13.0-py3-none-manylinux2014_i686.manylinux_2_17_i686.whl", hash = "sha256:be7f478ff9f96a128b599a964fc60a6a87b9fa332ee1bd44fa243ac88d50291c", size = 187834, upload-time = "2025-08-11T15:09:54.115Z" },
    { url = "https://files.pythonhosted.org/packages/56/c7/ba22748fb59f7f896b609cd3e568d28a0a367a6d953c24c461fe04fc4433/ninja-1.13.0-py3-none-manylinux2014_ppc64le.manylinux_2_17_ppc64le.whl", hash = "sha256:60056592cf495e9a6a4bea3cd178903056ecb0943e4de45a2ea825edb6dc8d3e", size = 202736, upload-time = "2025-08-11T15:09:55.745Z" },
    { url = "https://files.pythonhosted.org/packages/79/22/d1de07632b78ac8e6b785f41fa9aad7a978ec8c0a1bf15772def36d77aac/ninja-1.13.0-py3-none-manylinux2014_s390x.manylinux_2_17_s390x.whl", hash = "sha256:1c97223cdda0417f414bf864cfb73b72d8777e57ebb279c5f6de368de0062988", size = 179034, upload-time = "2025-08-11T15:09:57.394Z" },
    { url = "https://files.pythonhosted.org/packages/ed/de/0e6edf44d6a04dabd0318a519125ed0415ce437ad5a1ec9b9be03d9048cf/ninja-1.13.0-py3-none-manylinux2014_x86_64.manylinux_2_17_x86_64.whl", hash = "sha256:fb46acf6b93b8dd0322adc3a4945452a4e774b75b91293bafcc7b7f8e6517dfa", size = 180716, upload-time = "2025-08-11T15:09:58.696Z" },
    { url = "https://files.pythonhosted.org/packages/54/28/938b562f9057aaa4d6bfbeaa05e81899a47aebb3ba6751e36c027a7f5ff7/ninja-1.13.0-py3-none-manylinux_2_28_armv7l.manylinux_2_31_armv7l.whl", hash = "sha256:4be9c1b082d244b1ad7ef41eb8ab088aae8c109a9f3f0b3e56a252d3e00f42c1", size = 146843, upload-time = "2025-08-11T15:10:00.046Z" },
    { url = "https://files.pythonhosted.org/packages/2a/fb/d06a3838de4f8ab866e44ee52a797b5491df823901c54943b2adb0389fbb/ninja-1.13.0-py3-none-manylinux_2_31_riscv64.whl", hash = "sha256:6739d3352073341ad284246f81339a384eec091d9851a886dfa5b00a6d48b3e2", size = 154402, upload-time = "2025-08-11T15:10:01.657Z" },
    { url = "https://files.pythonhosted.org/packages/31/bf/0d7808af695ceddc763cf251b84a9892cd7f51622dc8b4c89d5012779f06/ninja-1.13.0-py3-none-musllinux_1_2_aarch64.whl", hash = "sha256:11be2d22027bde06f14c343f01d31446747dbb51e72d00decca2eb99be911e2f", size = 552388, upload-time = "2025-08-11T15:10:03.349Z" },
    { url = "https://files.pythonhosted.org/packages/9d/70/c99d0c2c809f992752453cce312848abb3b1607e56d4cd1b6cded317351a/ninja-1.13.0-py3-none-musllinux_1_2_armv7l.whl", hash = "sha256:aa45b4037b313c2f698bc13306239b8b93b4680eb47e287773156ac9e9304714", size = 472501, upload-time = "2025-08-11T15:10:04.735Z" },
    { url = "https://files.pythonhosted.org/packages/9f/43/c217b1153f0e499652f5e0766da8523ce3480f0a951039c7af115e224d55/ninja-1.13.0-py3-none-musllinux_1_2_i686.whl", hash = "sha256:5f8e1e8a1a30835eeb51db05cf5a67151ad37542f5a4af2a438e9490915e5b72", size = 638280, upload-time = "2025-08-11T15:10:06.512Z" },
    { url = "https://files.pythonhosted.org/packages/8c/45/9151bba2c8d0ae2b6260f71696330590de5850e5574b7b5694dce6023e20/ninja-1.13.0-py3-none-musllinux_1_2_ppc64le.whl", hash = "sha256:3d7d7779d12cb20c6d054c61b702139fd23a7a964ec8f2c823f1ab1b084150db", size = 642420, upload-time = "2025-08-11T15:10:08.35Z" },
    { url = "https://files.pythonhosted.org/packages/3c/fb/95752eb635bb8ad27d101d71bef15bc63049de23f299e312878fc21cb2da/ninja-1.13.0-py3-none-musllinux_1_2_riscv64.whl", hash = "sha256:d741a5e6754e0bda767e3274a0f0deeef4807f1fec6c0d7921a0244018926ae5", size = 585106, upload-time = "2025-08-11T15:10:09.818Z" },
    { url = "https://files.pythonhosted.org/packages/c1/31/aa56a1a286703800c0cbe39fb4e82811c277772dc8cd084f442dd8e2938a/ninja-1.13.0-py3-none-musllinux_1_2_s390x.whl", hash = "sha256:e8bad11f8a00b64137e9b315b137d8bb6cbf3086fbdc43bf1f90fd33324d2e96", size = 707138, upload-time = "2025-08-11T15:10:11.366Z" },
    { url = "https://files.pythonhosted.org/packages/34/6f/5f5a54a1041af945130abdb2b8529cbef0cdcbbf9bcf3f4195378319d29a/ninja-1.13.0-py3-none-musllinux_1_2_x86_64.whl", hash = "sha256:b4f2a072db3c0f944c32793e91532d8948d20d9ab83da9c0c7c15b5768072200", size = 581758, upload-time = "2025-08-11T15:10:13.295Z" },
    { url = "https://files.pythonhosted.org/packages/95/97/51359c77527d45943fe7a94d00a3843b81162e6c4244b3579fe8fc54cb9c/ninja-1.13.0-py3-none-win32.whl", hash = "sha256:8cfbb80b4a53456ae8a39f90ae3d7a2129f45ea164f43fadfa15dc38c4aef1c9", size = 267201, upload-time = "2025-08-11T15:10:15.158Z" },
    { url = "https://files.pythonhosted.org/packages/29/45/c0adfbfb0b5895aa18cec400c535b4f7ff3e52536e0403602fc1a23f7de9/ninja-1.13.0-py3-none-win_amd64.whl", hash = "sha256:fb8ee8719f8af47fed145cced4a85f0755dd55d45b2bddaf7431fa89803c5f3e", size = 309975, upload-time = "2025-08-11T15:10:16.697Z" },
    { url = "https://files.pythonhosted.org/packages/df/93/a7b983643d1253bb223234b5b226e69de6cda02b76cdca7770f684b795f5/ninja-1.13.0-py3-none-win_arm64.whl", hash = "sha256:3c0b40b1f0bba764644385319028650087b4c1b18cdfa6f45cb39a3669b81aa9", size = 290806, upload-time = "2025-08-11T15:10:18.018Z" },
]

[[package]]
name = "nodeenv"
version = "1.10.0"
source = { registry = "https://pypi.org/simple" }
sdist = { url = "https://files.pythonhosted.org/packages/24/bf/d1bda4f6168e0b2e9e5958945e01910052158313224ada5ce1fb2e1113b8/nodeenv-1.10.0.tar.gz", hash = "sha256:996c191ad80897d076bdfba80a41994c2b47c68e224c542b48feba42ba00f8bb", size = 55611, upload-time = "2025-12-20T14:08:54.006Z" }
wheels = [
    { url = "https://files.pythonhosted.org/packages/88/b2/d0896bdcdc8d28a7fc5717c305f1a861c26e18c05047949fb371034d98bd/nodeenv-1.10.0-py2.py3-none-any.whl", hash = "sha256:5bb13e3eed2923615535339b3c620e76779af4cb4c6a90deccc9e36b274d3827", size = 23438, upload-time = "2025-12-20T14:08:52.782Z" },
]

[[package]]
name = "numpy"
version = "2.4.4"
source = { registry = "https://pypi.org/simple" }
sdist = { url = "https://files.pythonhosted.org/packages/d7/9f/b8cef5bffa569759033adda9481211426f12f53299629b410340795c2514/numpy-2.4.4.tar.gz", hash = "sha256:2d390634c5182175533585cc89f3608a4682ccb173cc9bb940b2881c8d6f8fa0", size = 20731587, upload-time = "2026-03-29T13:22:01.298Z" }
wheels = [
    { url = "https://files.pythonhosted.org/packages/28/05/32396bec30fb2263770ee910142f49c1476d08e8ad41abf8403806b520ce/numpy-2.4.4-cp312-cp312-macosx_10_13_x86_64.whl", hash = "sha256:15716cfef24d3a9762e3acdf87e27f58dc823d1348f765bbea6bef8c639bfa1b", size = 16689272, upload-time = "2026-03-29T13:18:49.223Z" },
    { url = "https://files.pythonhosted.org/packages/c5/f3/a983d28637bfcd763a9c7aafdb6d5c0ebf3d487d1e1459ffdb57e2f01117/numpy-2.4.4-cp312-cp312-macosx_11_0_arm64.whl", hash = "sha256:23cbfd4c17357c81021f21540da84ee282b9c8fba38a03b7b9d09ba6b951421e", size = 14699573, upload-time = "2026-03-29T13:18:52.629Z" },
    { url = "https://files.pythonhosted.org/packages/9b/fd/e5ecca1e78c05106d98028114f5c00d3eddb41207686b2b7de3e477b0e22/numpy-2.4.4-cp312-cp312-macosx_14_0_arm64.whl", hash = "sha256:8b3b60bb7cba2c8c81837661c488637eee696f59a877788a396d33150c35d842", size = 5204782, upload-time = "2026-03-29T13:18:55.579Z" },
    { url = "https://files.pythonhosted.org/packages/de/2f/702a4594413c1a8632092beae8aba00f1d67947389369b3777aed783fdca/numpy-2.4.4-cp312-cp312-macosx_14_0_x86_64.whl", hash = "sha256:e4a010c27ff6f210ff4c6ef34394cd61470d01014439b192ec22552ee867f2a8", size = 6552038, upload-time = "2026-03-29T13:18:57.769Z" },
    { url = "https://files.pythonhosted.org/packages/7f/37/eed308a8f56cba4d1fdf467a4fc67ef4ff4bf1c888f5fc980481890104b1/numpy-2.4.4-cp312-cp312-manylinux_2_27_aarch64.manylinux_2_28_aarch64.whl", hash = "sha256:f9e75681b59ddaa5e659898085ae0eaea229d054f2ac0c7e563a62205a700121", size = 15670666, upload-time = "2026-03-29T13:19:00.341Z" },
    { url = "https://files.pythonhosted.org/packages/0a/0d/0e3ecece05b7a7e87ab9fb587855548da437a061326fff64a223b6dcb78a/numpy-2.4.4-cp312-cp312-manylinux_2_27_x86_64.manylinux_2_28_x86_64.whl", hash = "sha256:81f4a14bee47aec54f883e0cad2d73986640c1590eb9bfaaba7ad17394481e6e", size = 16645480, upload-time = "2026-03-29T13:19:03.63Z" },
    { url = "https://files.pythonhosted.org/packages/34/49/f2312c154b82a286758ee2f1743336d50651f8b5195db18cdb63675ff649/numpy-2.4.4-cp312-cp312-musllinux_1_2_aarch64.whl", hash = "sha256:62d6b0f03b694173f9fcb1fb317f7222fd0b0b103e784c6549f5e53a27718c44", size = 17020036, upload-time = "2026-03-29T13:19:07.428Z" },
    { url = "https://files.pythonhosted.org/packages/7b/e9/736d17bd77f1b0ec4f9901aaec129c00d59f5d84d5e79bba540ef12c2330/numpy-2.4.4-cp312-cp312-musllinux_1_2_x86_64.whl", hash = "sha256:fbc356aae7adf9e6336d336b9c8111d390a05df88f1805573ebb0807bd06fd1d", size = 18368643, upload-time = "2026-03-29T13:19:10.775Z" },
    { url = "https://files.pythonhosted.org/packages/63/f6/d417977c5f519b17c8a5c3bc9e8304b0908b0e21136fe43bf628a1343914/numpy-2.4.4-cp312-cp312-win32.whl", hash = "sha256:0d35aea54ad1d420c812bfa0385c71cd7cc5bcf7c65fed95fc2cd02fe8c79827", size = 5961117, upload-time = "2026-03-29T13:19:13.464Z" },
    { url = "https://files.pythonhosted.org/packages/2d/5b/e1deebf88ff431b01b7406ca3583ab2bbb90972bbe1c568732e49c844f7e/numpy-2.4.4-cp312-cp312-win_amd64.whl", hash = "sha256:b5f0362dc928a6ecd9db58868fca5e48485205e3855957bdedea308f8672ea4a", size = 12320584, upload-time = "2026-03-29T13:19:16.155Z" },
    { url = "https://files.pythonhosted.org/packages/58/89/e4e856ac82a68c3ed64486a544977d0e7bdd18b8da75b78a577ca31c4395/numpy-2.4.4-cp312-cp312-win_arm64.whl", hash = "sha256:846300f379b5b12cc769334464656bc882e0735d27d9726568bc932fdc49d5ec", size = 10221450, upload-time = "2026-03-29T13:19:18.994Z" },
]

[[package]]
name = "packaging"
version = "26.1"
source = { registry = "https://pypi.org/simple" }
sdist = { url = "https://files.pythonhosted.org/packages/df/de/0d2b39fb4af88a0258f3bac87dfcbb48e73fbdea4a2ed0e2213f9a4c2f9a/packaging-26.1.tar.gz", hash = "sha256:f042152b681c4bfac5cae2742a55e103d27ab2ec0f3d88037136b6bfe7c9c5de", size = 215519, upload-time = "2026-04-14T21:12:49.362Z" }
wheels = [
    { url = "https://files.pythonhosted.org/packages/7a/c2/920ef838e2f0028c8262f16101ec09ebd5969864e5a64c4c05fad0617c56/packaging-26.1-py3-none-any.whl", hash = "sha256:5d9c0669c6285e491e0ced2eee587eaf67b670d94a19e94e3984a481aba6802f", size = 95831, upload-time = "2026-04-14T21:12:47.56Z" },
]

[[package]]
name = "patchelf"
version = "0.17.2.4"
source = { registry = "https://pypi.org/simple" }
sdist = { url = "https://files.pythonhosted.org/packages/2c/a3/fdd3fa938c864aa2f11dd0b7f08befeda983d2dcdee44da493c6977a653f/patchelf-0.17.2.4.tar.gz", hash = "sha256:970ee5cd8af33e5ea2099510b2f9013fa1b8d5cd763bf3fd3961281c18101a09", size = 149629, upload-time = "2025-07-23T21:16:32.071Z" }
wheels = [
    { url = "https://files.pythonhosted.org/packages/b1/a7/8c4f86c78ec03db954d05fd9c57a114cc3a172a2d3e4a8b949cd5ff89471/patchelf-0.17.2.4-py3-none-macosx_10_9_universal2.whl", hash = "sha256:343bb1b94e959f9070ca9607453b04390e36bbaa33c88640b989cefad0aa049e", size = 184436, upload-time = "2025-07-23T21:16:20.578Z" },
    { url = "https://files.pythonhosted.org/packages/7e/19/f7821ef31aab01fa7dc8ebe697ece88ec4f7a0fdd3155dab2dfee4b00e5c/patchelf-0.17.2.4-py3-none-manylinux1_x86_64.manylinux_2_5_x86_64.musllinux_1_1_x86_64.whl", hash = "sha256:d9b35ebfada70c02679ad036407d9724ffe1255122ba4ac5e4be5868618a5689", size = 482846, upload-time = "2025-07-23T21:16:23.73Z" },
    { url = "https://files.pythonhosted.org/packages/d1/50/107fea848ecfd851d473b079cab79107487d72c4c3cdb25b9d2603a24ca2/patchelf-0.17.2.4-py3-none-manylinux2014_aarch64.manylinux_2_17_aarch64.musllinux_1_1_aarch64.whl", hash = "sha256:2931a1b5b85f3549661898af7bf746afbda7903c7c9a967cfc998a3563f84fad", size = 477811, upload-time = "2025-07-23T21:16:25.145Z" },
    { url = "https://files.pythonhosted.org/packages/89/a9/a9a2103e159fd65bffbc21ecc5c8c36e44eb34fe53b4ef85fb6d08c2a635/patchelf-0.17.2.4-py3-none-manylinux2014_armv7l.manylinux_2_17_armv7l.musllinux_1_1_armv7l.whl", hash = "sha256:ae44cb3c857d50f54b99e5697aa978726ada33a8a6129d4b8b7ffd28b996652d", size = 431226, upload-time = "2025-07-23T21:16:26.765Z" },
    { url = "https://files.pythonhosted.org/packages/87/93/897d612f6df7cfd987bdf668425127efeff8d8e4ad8bfbab1c69d2a0d861/patchelf-0.17.2.4-py3-none-manylinux2014_ppc64le.manylinux_2_17_ppc64le.musllinux_1_1_ppc64le.whl", hash = "sha256:680a266a70f60a7a4f4c448482c5bdba80cc8e6bb155a49dcc24238ba49927b0", size = 540276, upload-time = "2025-07-23T21:16:27.983Z" },
    { url = "https://files.pythonhosted.org/packages/5d/b8/2b92d11533482bac9ee989081d6880845287751b5f528adbd6bb27667fbd/patchelf-0.17.2.4-py3-none-manylinux2014_s390x.manylinux_2_17_s390x.musllinux_1_1_s390x.whl", hash = "sha256:d842b51f0401460f3b1f3a3a67d2c266a8f515a5adfbfa6e7b656cb3ac2ed8bc", size = 596632, upload-time = "2025-07-23T21:16:29.253Z" },
    { url = "https://files.pythonhosted.org/packages/14/e2/975d4bdb418f942b53e6187b95bd9e0d5e0488b7bc214685a1e43e2c2751/patchelf-0.17.2.4-py3-none-manylinux_2_31_riscv64.musllinux_1_1_riscv64.whl", hash = "sha256:7076d9e127230982e20a81a6e2358d3343004667ba510d9f822d4fdee29b0d71", size = 508281, upload-time = "2025-07-23T21:16:30.865Z" },
]

[[package]]
name = "platformdirs"
version = "4.9.6"
source = { registry = "https://pypi.org/simple" }
sdist = { url = "https://files.pythonhosted.org/packages/9f/4a/0883b8e3802965322523f0b200ecf33d31f10991d0401162f4b23c698b42/platformdirs-4.9.6.tar.gz", hash = "sha256:3bfa75b0ad0db84096ae777218481852c0ebc6c727b3168c1b9e0118e458cf0a", size = 29400, upload-time = "2026-04-09T00:04:10.812Z" }
wheels = [
    { url = "https://files.pythonhosted.org/packages/75/a6/a0a304dc33b49145b21f4808d763822111e67d1c3a32b524a1baf947b6e1/platformdirs-4.9.6-py3-none-any.whl", hash = "sha256:e61adb1d5e5cb3441b4b7710bea7e4c12250ca49439228cc1021c00dcfac0917", size = 21348, upload-time = "2026-04-09T00:04:09.463Z" },
]

[[package]]
name = "pluggy"
version = "1.6.0"
source = { registry = "https://pypi.org/simple" }
sdist = { url = "https://files.pythonhosted.org/packages/f9/e2/3e91f31a7d2b083fe6ef3fa267035b518369d9511ffab804f839851d2779/pluggy-1.6.0.tar.gz", hash = "sha256:7dcc130b76258d33b90f61b658791dede3486c3e6bfb003ee5c9bfb396dd22f3", size = 69412, upload-time = "2025-05-15T12:30:07.975Z" }
wheels = [
    { url = "https://files.pythonhosted.org/packages/54/20/4d324d65cc6d9205fabedc306948156824eb9f0ee1633355a8f7ec5c66bf/pluggy-1.6.0-py3-none-any.whl", hash = "sha256:e920276dd6813095e9377c0bc5566d94c932c33b27a3e3945d8389c374dd4746", size = 20538, upload-time = "2025-05-15T12:30:06.134Z" },
]

[[package]]
name = "pybind11"
version = "3.0.3"
source = { registry = "https://pypi.org/simple" }
sdist = { url = "https://files.pythonhosted.org/packages/41/50/b83d65efc1914681f5aded4ce37c703408a9bb74829f27f041560ca52ffb/pybind11-3.0.3.tar.gz", hash = "sha256:00471cdb816882c484708bc5dde80815c8c11cea540ab2cc6410f5ddea434755", size = 587814, upload-time = "2026-03-31T23:42:06.481Z" }
wheels = [
    { url = "https://files.pythonhosted.org/packages/ab/87/99f21e9b20899d6dc1bf7544cfe53e5fa17acc21bb267971a540425357d3/pybind11-3.0.3-py3-none-any.whl", hash = "sha256:fb5f8e4a64946b4dcc0451c83a8c384f803bc0a62dd1ba02f199e97dbc9aad4c", size = 313717, upload-time = "2026-03-31T23:42:04.814Z" },
]

[[package]]
name = "pyelftools"
version = "0.32"
source = { registry = "https://pypi.org/simple" }
sdist = { url = "https://files.pythonhosted.org/packages/b9/ab/33968940b2deb3d92f5b146bc6d4009a5f95d1d06c148ea2f9ee965071af/pyelftools-0.32.tar.gz", hash = "sha256:6de90ee7b8263e740c8715a925382d4099b354f29ac48ea40d840cf7aa14ace5", size = 15047199, upload-time = "2025-02-19T14:20:05.549Z" }
wheels = [
    { url = "https://files.pythonhosted.org/packages/af/43/700932c4f0638c3421177144a2e86448c0d75dbaee2c7936bda3f9fd0878/pyelftools-0.32-py3-none-any.whl", hash = "sha256:013df952a006db5e138b1edf6d8a68ecc50630adbd0d83a2d41e7f846163d738", size = 188525, upload-time = "2025-02-19T14:19:59.919Z" },
]

[[package]]
name = "pygments"
version = "2.20.0"
source = { registry = "https://pypi.org/simple" }
sdist = { url = "https://files.pythonhosted.org/packages/c3/b2/bc9c9196916376152d655522fdcebac55e66de6603a76a02bca1b6414f6c/pygments-2.20.0.tar.gz", hash = "sha256:6757cd03768053ff99f3039c1a36d6c0aa0b263438fcab17520b30a303a82b5f", size = 4955991, upload-time = "2026-03-29T13:29:33.898Z" }
wheels = [
    { url = "https://files.pythonhosted.org/packages/f4/7e/a72dd26f3b0f4f2bf1dd8923c85f7ceb43172af56d63c7383eb62b332364/pygments-2.20.0-py3-none-any.whl", hash = "sha256:81a9e26dd42fd28a23a2d169d86d7ac03b46e2f8b59ed4698fb4785f946d0176", size = 1231151, upload-time = "2026-03-29T13:29:30.038Z" },
]

[[package]]
name = "pyproject-hooks"
version = "1.2.0"
source = { registry = "https://pypi.org/simple" }
sdist = { url = "https://files.pythonhosted.org/packages/e7/82/28175b2414effca1cdac8dc99f76d660e7a4fb0ceefa4b4ab8f5f6742925/pyproject_hooks-1.2.0.tar.gz", hash = "sha256:1e859bd5c40fae9448642dd871adf459e5e2084186e8d2c2a79a824c970da1f8", size = 19228, upload-time = "2024-09-29T09:24:13.293Z" }
wheels = [
    { url = "https://files.pythonhosted.org/packages/bd/24/12818598c362d7f300f18e74db45963dbcb85150324092410c8b49405e42/pyproject_hooks-1.2.0-py3-none-any.whl", hash = "sha256:9e5c6bfa8dcc30091c74b0cf803c81fdd29d94f01992a7707bc97babb1141913", size = 10216, upload-time = "2024-09-29T09:24:11.978Z" },
]

[[package]]
name = "pyright"
version = "1.1.408"
source = { registry = "https://pypi.org/simple" }
dependencies = [
    { name = "nodeenv" },
    { name = "typing-extensions" },
]
sdist = { url = "https://files.pythonhosted.org/packages/74/b2/5db700e52554b8f025faa9c3c624c59f1f6c8841ba81ab97641b54322f16/pyright-1.1.408.tar.gz", hash = "sha256:f28f2321f96852fa50b5829ea492f6adb0e6954568d1caa3f3af3a5f555eb684", size = 4400578, upload-time = "2026-01-08T08:07:38.795Z" }
wheels = [
    { url = "https://files.pythonhosted.org/packages/0c/82/a2c93e32800940d9573fb28c346772a14778b84ba7524e691b324620ab89/pyright-1.1.408-py3-none-any.whl", hash = "sha256:090b32865f4fdb1e0e6cd82bf5618480d48eecd2eb2e70f960982a3d9a4c17c1", size = 6399144, upload-time = "2026-01-08T08:07:37.082Z" },
]

[[package]]
name = "pytest"
version = "9.0.3"
source = { registry = "https://pypi.org/simple" }
dependencies = [
    { name = "colorama", marker = "sys_platform == 'win32'" },
    { name = "iniconfig" },
    { name = "packaging" },
    { name = "pluggy" },
    { name = "pygments" },
]
sdist = { url = "https://files.pythonhosted.org/packages/7d/0d/549bd94f1a0a402dc8cf64563a117c0f3765662e2e668477624baeec44d5/pytest-9.0.3.tar.gz", hash = "sha256:b86ada508af81d19edeb213c681b1d48246c1a91d304c6c81a427674c17eb91c", size = 1572165, upload-time = "2026-04-07T17:16:18.027Z" }
wheels = [
    { url = "https://files.pythonhosted.org/packages/d4/24/a372aaf5c9b7208e7112038812994107bc65a84cd00e0354a88c2c77a617/pytest-9.0.3-py3-none-any.whl", hash = "sha256:2c5efc453d45394fdd706ade797c0a81091eccd1d6e4bccfcd476e2b8e0ab5d9", size = 375249, upload-time = "2026-04-07T17:16:16.13Z" },
]

[[package]]
name = "rtree"
version = "1.4.1"
source = { registry = "https://pypi.org/simple" }
sdist = { url = "https://files.pythonhosted.org/packages/95/09/7302695875a019514de9a5dd17b8320e7a19d6e7bc8f85dcfb79a4ce2da3/rtree-1.4.1.tar.gz", hash = "sha256:c6b1b3550881e57ebe530cc6cffefc87cd9bf49c30b37b894065a9f810875e46", size = 52425, upload-time = "2025-08-13T19:32:01.413Z" }
wheels = [
    { url = "https://files.pythonhosted.org/packages/04/d9/108cd989a4c0954e60b3cdc86fd2826407702b5375f6dfdab2802e5fed98/rtree-1.4.1-py3-none-macosx_10_9_x86_64.whl", hash = "sha256:d672184298527522d4914d8ae53bf76982b86ca420b0acde9298a7a87d81d4a4", size = 468484, upload-time = "2025-08-13T19:31:50.593Z" },
    { url = "https://files.pythonhosted.org/packages/f3/cf/2710b6fd6b07ea0aef317b29f335790ba6adf06a28ac236078ed9bd8a91d/rtree-1.4.1-py3-none-macosx_11_0_arm64.whl", hash = "sha256:a7e48d805e12011c2cf739a29d6a60ae852fb1de9fc84220bbcef67e6e595d7d", size = 436325, upload-time = "2025-08-13T19:31:52.367Z" },
    { url = "https://files.pythonhosted.org/packages/55/e1/4d075268a46e68db3cac51846eb6a3ab96ed481c585c5a1ad411b3c23aad/rtree-1.4.1-py3-none-manylinux_2_24_aarch64.manylinux_2_28_aarch64.whl", hash = "sha256:efa8c4496e31e9ad58ff6c7df89abceac7022d906cb64a3e18e4fceae6b77f65", size = 459789, upload-time = "2025-08-13T19:31:53.926Z" },
    { url = "https://files.pythonhosted.org/packages/d1/75/e5d44be90525cd28503e7f836d077ae6663ec0687a13ba7810b4114b3668/rtree-1.4.1-py3-none-manylinux_2_24_x86_64.manylinux_2_28_x86_64.whl", hash = "sha256:12de4578f1b3381a93a655846900be4e3d5f4cd5e306b8b00aa77c1121dc7e8c", size = 507644, upload-time = "2025-08-13T19:31:55.164Z" },
    { url = "https://files.pythonhosted.org/packages/fd/85/b8684f769a142163b52859a38a486493b05bafb4f2fb71d4f945de28ebf9/rtree-1.4.1-py3-none-musllinux_1_2_aarch64.whl", hash = "sha256:b558edda52eca3e6d1ee629042192c65e6b7f2c150d6d6cd207ce82f85be3967", size = 1454478, upload-time = "2025-08-13T19:31:56.808Z" },
    { url = "https://files.pythonhosted.org/packages/e9/a4/c2292b95246b9165cc43a0c3757e80995d58bc9b43da5cb47ad6e3535213/rtree-1.4.1-py3-none-musllinux_1_2_x86_64.whl", hash = "sha256:f155bc8d6bac9dcd383481dee8c130947a4866db1d16cb6dff442329a038a0dc", size = 1555140, upload-time = "2025-08-13T19:31:58.031Z" },
    { url = "https://files.pythonhosted.org/packages/74/25/5282c8270bfcd620d3e73beb35b40ac4ab00f0a898d98ebeb41ef0989ec8/rtree-1.4.1-py3-none-win_amd64.whl", hash = "sha256:efe125f416fd27150197ab8521158662943a40f87acab8028a1aac4ad667a489", size = 389358, upload-time = "2025-08-13T19:31:59.247Z" },
    { url = "https://files.pythonhosted.org/packages/3f/50/0a9e7e7afe7339bd5e36911f0ceb15fed51945836ed803ae5afd661057fd/rtree-1.4.1-py3-none-win_arm64.whl", hash = "sha256:3d46f55729b28138e897ffef32f7ce93ac335cb67f9120125ad3742a220800f0", size = 355253, upload-time = "2025-08-13T19:32:00.296Z" },
]

[[package]]
name = "scipy"
version = "1.17.1"
source = { registry = "https://pypi.org/simple" }
dependencies = [
    { name = "numpy" },
]
sdist = { url = "https://files.pythonhosted.org/packages/7a/97/5a3609c4f8d58b039179648e62dd220f89864f56f7357f5d4f45c29eb2cc/scipy-1.17.1.tar.gz", hash = "sha256:95d8e012d8cb8816c226aef832200b1d45109ed4464303e997c5b13122b297c0", size = 30573822, upload-time = "2026-02-23T00:26:24.851Z" }
wheels = [
    { url = "https://files.pythonhosted.org/packages/35/48/b992b488d6f299dbe3f11a20b24d3dda3d46f1a635ede1c46b5b17a7b163/scipy-1.17.1-cp312-cp312-macosx_10_14_x86_64.whl", hash = "sha256:35c3a56d2ef83efc372eaec584314bd0ef2e2f0d2adb21c55e6ad5b344c0dcb8", size = 31610954, upload-time = "2026-02-23T00:17:49.855Z" },
    { url = "https://files.pythonhosted.org/packages/b2/02/cf107b01494c19dc100f1d0b7ac3cc08666e96ba2d64db7626066cee895e/scipy-1.17.1-cp312-cp312-macosx_12_0_arm64.whl", hash = "sha256:fcb310ddb270a06114bb64bbe53c94926b943f5b7f0842194d585c65eb4edd76", size = 28172662, upload-time = "2026-02-23T00:18:01.64Z" },
    { url = "https://files.pythonhosted.org/packages/cf/a9/599c28631bad314d219cf9ffd40e985b24d603fc8a2f4ccc5ae8419a535b/scipy-1.17.1-cp312-cp312-macosx_14_0_arm64.whl", hash = "sha256:cc90d2e9c7e5c7f1a482c9875007c095c3194b1cfedca3c2f3291cdc2bc7c086", size = 20344366, upload-time = "2026-02-23T00:18:12.015Z" },
    { url = "https://files.pythonhosted.org/packages/35/f5/906eda513271c8deb5af284e5ef0206d17a96239af79f9fa0aebfe0e36b4/scipy-1.17.1-cp312-cp312-macosx_14_0_x86_64.whl", hash = "sha256:c80be5ede8f3f8eded4eff73cc99a25c388ce98e555b17d31da05287015ffa5b", size = 22704017, upload-time = "2026-02-23T00:18:21.502Z" },
    { url = "https://files.pythonhosted.org/packages/da/34/16f10e3042d2f1d6b66e0428308ab52224b6a23049cb2f5c1756f713815f/scipy-1.17.1-cp312-cp312-manylinux_2_27_aarch64.manylinux_2_28_aarch64.whl", hash = "sha256:e19ebea31758fac5893a2ac360fedd00116cbb7628e650842a6691ba7ca28a21", size = 32927842, upload-time = "2026-02-23T00:18:35.367Z" },
    { url = "https://files.pythonhosted.org/packages/01/8e/1e35281b8ab6d5d72ebe9911edcdffa3f36b04ed9d51dec6dd140396e220/scipy-1.17.1-cp312-cp312-manylinux_2_27_x86_64.manylinux_2_28_x86_64.whl", hash = "sha256:02ae3b274fde71c5e92ac4d54bc06c42d80e399fec704383dcd99b301df37458", size = 35235890, upload-time = "2026-02-23T00:18:49.188Z" },
    { url = "https://files.pythonhosted.org/packages/c5/5c/9d7f4c88bea6e0d5a4f1bc0506a53a00e9fcb198de372bfe4d3652cef482/scipy-1.17.1-cp312-cp312-musllinux_1_2_aarch64.whl", hash = "sha256:8a604bae87c6195d8b1045eddece0514d041604b14f2727bbc2b3020172045eb", size = 35003557, upload-time = "2026-02-23T00:18:54.74Z" },
    { url = "https://files.pythonhosted.org/packages/65/94/7698add8f276dbab7a9de9fb6b0e02fc13ee61d51c7c3f85ac28b65e1239/scipy-1.17.1-cp312-cp312-musllinux_1_2_x86_64.whl", hash = "sha256:f590cd684941912d10becc07325a3eeb77886fe981415660d9265c4c418d0bea", size = 37625856, upload-time = "2026-02-23T00:19:00.307Z" },
    { url = "https://files.pythonhosted.org/packages/a2/84/dc08d77fbf3d87d3ee27f6a0c6dcce1de5829a64f2eae85a0ecc1f0daa73/scipy-1.17.1-cp312-cp312-win_amd64.whl", hash = "sha256:41b71f4a3a4cab9d366cd9065b288efc4d4f3c0b37a91a8e0947fb5bd7f31d87", size = 36549682, upload-time = "2026-02-23T00:19:07.67Z" },
    { url = "https://files.pythonhosted.org/packages/bc/98/fe9ae9ffb3b54b62559f52dedaebe204b408db8109a8c66fdd04869e6424/scipy-1.17.1-cp312-cp312-win_arm64.whl", hash = "sha256:f4115102802df98b2b0db3cce5cb9b92572633a1197c77b7553e5203f284a5b3", size = 24547340, upload-time = "2026-02-23T00:19:12.024Z" },
]

[[package]]
name = "trimesh"
version = "4.11.5"
source = { registry = "https://pypi.org/simple" }
dependencies = [
    { name = "numpy" },
]
sdist = { url = "https://files.pythonhosted.org/packages/0d/bf/53b69f3b6708c20ceb4d1d1250c7dc205733eb646659e5e55771f76ffabd/trimesh-4.11.5.tar.gz", hash = "sha256:b90e6cdd6ada51c52d4a7d32947f4ce44b6751c5b7cab2b04e271ecea1e397d3", size = 836449, upload-time = "2026-03-25T01:08:24.216Z" }
wheels = [
    { url = "https://files.pythonhosted.org/packages/24/83/72e812f772daee66651f468c7b2535fa05eac27db26df7e614cae823c832/trimesh-4.11.5-py3-none-any.whl", hash = "sha256:b225a94c8af79569f7167ca7eaaab4fd05c260da58a075599453d655835258ef", size = 740833, upload-time = "2026-03-25T01:08:21.397Z" },
]

[[package]]
name = "typing-extensions"
version = "4.15.0"
source = { registry = "https://pypi.org/simple" }
sdist = { url = "https://files.pythonhosted.org/packages/72/94/1a15dd82efb362ac84269196e94cf00f187f7ed21c242792a923cdb1c61f/typing_extensions-4.15.0.tar.gz", hash = "sha256:0cea48d173cc12fa28ecabc3b837ea3cf6f38c6d1136f85cbaaf598984861466", size = 109391, upload-time = "2025-08-25T13:49:26.313Z" }
wheels = [
    { url = "https://files.pythonhosted.org/packages/18/67/36e9267722cc04a6b9f15c7f3441c2363321a3ea07da7ae0c0707beb2a9c/typing_extensions-4.15.0-py3-none-any.whl", hash = "sha256:f0fa19c6845758ab08074a0cfa8b7aecb71c999ca73d62883bc25cc018c4e548", size = 44614, upload-time = "2025-08-25T13:49:24.86Z" },
]

[[package]]
name = "wheel"
version = "0.46.3"
source = { registry = "https://pypi.org/simple" }
dependencies = [
    { name = "packaging" },
]
sdist = { url = "https://files.pythonhosted.org/packages/89/24/a2eb353a6edac9a0303977c4cb048134959dd2a51b48a269dfc9dde00c8a/wheel-0.46.3.tar.gz", hash = "sha256:e3e79874b07d776c40bd6033f8ddf76a7dad46a7b8aa1b2787a83083519a1803", size = 60605, upload-time = "2026-01-22T12:39:49.136Z" }
wheels = [
    { url = "https://files.pythonhosted.org/packages/87/22/b76d483683216dde3d67cba61fb2444be8d5be289bf628c13fc0fd90e5f9/wheel-0.46.3-py3-none-any.whl", hash = "sha256:4b399d56c9d9338230118d705d9737a2a468ccca63d5e813e2a4fc7815d8bc4d", size = 30557, upload-time = "2026-01-22T12:39:48.099Z" },
]
